
Microsoft Visual Studio Solution File, Format Version 12.00
# Visual Studio Version 17
VisualStudioVersion = 17.11.35327.3
MinimumVisualStudioVersion = 10.0.40219.1
Project("{8BC9CEB8-8B4A-11D0-8D11-00A0C91BC942}") = "4 - 2 circulos - adaptación con arreglos de 5 sprites", "4 - 2 circulos - adaptación con arreglos de 5 sprites.vcxproj", "{47A63FB0-77EE-44CE-8C94-5A67A44D3B69}"
EndProject
Global
	GlobalSection(SolutionConfigurationPlatforms) = preSolution
		Debug|x64 = Debug|x64
		Debug|x86 = Debug|x86
		Release|x64 = Release|x64
		Release|x86 = Release|x86
	EndGlobalSection
	GlobalSection(ProjectConfigurationPlatforms) = postSolution
		{47A63FB0-77EE-44CE-8C94-5A67A44D3B69}.Debug|x64.ActiveCfg = Debug|x64
		{47A63FB0-77EE-44CE-8C94-5A67A44D3B69}.Debug|x64.Build.0 = Debug|x64
		{47A63FB0-77EE-44CE-8C94-5A67A44D3B69}.Debug|x86.ActiveCfg = Debug|Win32
		{47A63FB0-77EE-44CE-8C94-5A67A44D3B69}.Debug|x86.Build.0 = Debug|Win32
		{47A63FB0-77EE-44CE-8C94-5A67A44D3B69}.Release|x64.ActiveCfg = Release|x64
		{47A63FB0-77EE-44CE-8C94-5A67A44D3B69}.Release|x64.Build.0 = Release|x64
		{47A63FB0-77EE-44CE-8C94-5A67A44D3B69}.Release|x86.ActiveCfg = Release|Win32
		{47A63FB0-77EE-44CE-8C94-5A67A44D3B69}.Release|x86.Build.0 = Release|Win32
	EndGlobalSection
	GlobalSection(SolutionProperties) = preSolution
		HideSolutionNode = FALSE
	EndGlobalSection
	GlobalSection(ExtensibilityGlobals) = postSolution
		SolutionGuid = {8E51C3DA-84AC-43E1-9963-804A6E2A4446}
	EndGlobalSection
EndGlobal
